{
  "name": "noctaxris-sdk-nodejs-tests",
  "lockfileVersion": 3,
  "requires": true,
  "packages": {
    "": {
      "name": "noctaxris-sdk-nodejs-tests",
      "dependencies": {
        "@aws-crypto/sha256-js": "^5.2.0",
        "@aws-sdk/client-apigatewayv2": "^3.758.0",
        "@aws-sdk/client-appconfig": "^3.758.0",
        "@aws-sdk/client-appconfigdata": "^3.758.0",
        "@aws-sdk/client-appsync": "^3.758.0",
        "@aws-sdk/client-cloudtrail": "^3.758.0",
        "@aws-sdk/client-cognito-identity-provider": "^3.758.0",
        "@aws-sdk/client-config-service": "^3.758.0",
        "@aws-sdk/client-dynamodb": "^3.758.0",
        "@aws-sdk/client-eventbridge": "^3.758.0",
        "@aws-sdk/client-firehose": "^3.758.0",
        "@aws-sdk/client-glue": "^3.758.0",
        "@aws-sdk/client-iam": "^3.758.0",
        "@aws-sdk/client-kms": "^3.758.0",
        "@aws-sdk/client-lambda": "^3.758.0",
        "@aws-sdk/client-mq": "^3.758.0",
        "@aws-sdk/client-opensearch": "^3.758.0",
        "@aws-sdk/client-s3": "^3.758.0",
        "@aws-sdk/client-secrets-manager": "^3.758.0",
        "@aws-sdk/client-sfn": "^3.758.0",
        "@aws-sdk/client-sns": "^3.758.0",
        "@aws-sdk/client-sqs": "^3.758.0",
        "@aws-sdk/client-ssm": "^3.758.0",
        "@aws-sdk/client-sts": "^3.758.0",
        "@smithy/protocol-http": "^5.1.0",
        "@smithy/signature-v4": "^5.1.0"
      },
      "engines": {
        "node": ">=24"
      }
    },
    "node_modules/@aws-crypto/sha256-js": {
      "version": "5.2.0",
      "resolved": "https://registry.npmjs.org/@aws-crypto/sha256-js/-/sha256-js-5.2.0.tgz",
      "integrity": "sha512-FFQQyu7edu4ufvIZ+OadFpHHOt+eSTBaYaki44c+akjg7qZg9oOQeLlk77F6tSYqjDAFClrHJk9tMf0HdVyOvA==",
      "license": "Apache-2.0",
      "dependencies": {
        "@aws-crypto/util": "^5.2.0",
        "@aws-sdk/types": "^3.222.0",
        "tslib": "^2.6.2"
      },
      "engines": {
        "node": ">=16.0.0"
      }
    },
    "node_modules/@aws-crypto/util": {
      "version": "5.2.0",
      "resolved": "https://registry.npmjs.org/@aws-crypto/util/-/util-5.2.0.tgz",
      "integrity": "sha512-4RkU9EsI6ZpBve5fseQlGNUWKMa1RLPQ1dnjnQoe07ldfIzcsGb5hC5W0Dm7u423KWzawlrpbjXBrXCEv9zazQ==",
      "license": "Apache-2.0",
      "dependencies": {
        "@aws-sdk/types": "^3.222.0",
        "@smithy/util-utf8": "^2.0.0",
        "tslib": "^2.6.2"
      }
    },
    "node_modules/@aws-sdk/checksums": {
      "version": "3.1000.19",
      "resolved": "https://registry.npmjs.org/@aws-sdk/checksums/-/checksums-3.1000.19.tgz",
      "integrity": "sha512-Hc4N100RdkuWshKBnhPzmpdftfi9mCLz+OHFELHM1QIgMH4QRUUWyWgfiebta/YX2Bd62wTcm3EqAP8TeXv0gA==",
      "license": "Apache-2.0",
      "dependencies": {
        "@aws-sdk/core": "^3.976.0",
        "@aws-sdk/types": "^3.974.2",
        "@smithy/core": "^3.29.4",
        "@smithy/types": "^4.16.1",
        "tslib": "^2.6.2"
      },
      "engines": {
        "node": ">=20.0.0"
      }
    },
    "node_modules/@aws-sdk/client-apigatewayv2": {
      "version": "3.1094.0",
      "resolved": "https://registry.npmjs.org/@aws-sdk/client-apigatewayv2/-/client-apigatewayv2-3.1094.0.tgz",
      "integrity": "sha512-E/JqtTrwEGiZmSq9u/U0LTU1D+9tJYZlTz3apvPFKRvyBFgGrefPxhtwRLxhJ0UDEoSxcFcTwGweyYLL9lrI/g==",
      "license": "Apache-2.0",
      "dependencies": {
        "@aws-sdk/core": "^3.976.0",
        "@aws-sdk/credential-provider-node": "^3.972.71",
        "@aws-sdk/types": "^3.974.2",
        "@smithy/core": "^3.29.4",
        "@smithy/fetch-http-handler": "^5.6.6",
        "@smithy/node-http-handler": "^4.9.6",
        "@smithy/types": "^4.16.1",
        "tslib": "^2.6.2"
      },
      "engines": {
        "node": ">=20.0.0"
      }
    },
    "node_modules/@aws-sdk/client-appconfig": {
      "version": "3.1095.0",
      "resolved": "https://registry.npmjs.org/@aws-sdk/client-appconfig/-/client-appconfig-3.1095.0.tgz",
      "integrity": "sha512-yOJEs3EDVAOPCnLGz6oZUGEFayi7rWCW/2Cf0LqiVUIrf7NtnPsAZ7ApDBbLOJhRFqqIalaI4LWZQ/sRBYkDLA==",
      "license": "Apache-2.0",
      "dependencies": {
        "@aws-sdk/core": "^3.977.0",
        "@aws-sdk/credential-provider-node": "^3.972.72",
        "@aws-sdk/types": "^3.974.2",
        "@smithy/core": "^3.29.8",
        "@smithy/fetch-http-handler": "^5.6.10",
        "@smithy/node-http-handler": "^4.9.10",
        "@smithy/types": "^4.16.1",
        "tslib": "^2.6.2"
      },
      "engines": {
        "node": ">=20.0.0"
      }
    },
    "node_modules/@aws-sdk/client-appconfigdata": {
      "version": "3.1095.0",
      "resolved": "https://registry.npmjs.org/@aws-sdk/client-appconfigdata/-/client-appconfigdata-3.1095.0.tgz",
      "integrity": "sha512-UIueFyWW31LeKj1HdDEgLYKb5a4EM9I8/cnPjVc7W6ywrGtgphl4l6tCJ/lanOpGB357paUFSU/GKvyql/6HOQ==",
      "license": "Apache-2.0",
      "dependencies": {
        "@aws-sdk/core": "^3.977.0",
        "@aws-sdk/credential-provider-node": "^3.972.72",
        "@aws-sdk/types": "^3.974.2",
        "@smithy/core": "^3.29.8",
        "@smithy/fetch-http-handler": "^5.6.10",
        "@smithy/node-http-handler": "^4.9.10",
        "@smithy/types": "^4.16.1",
        "tslib": "^2.6.2"
      },
      "engines": {
        "node": ">=20.0.0"
      }
    },
    "node_modules/@aws-sdk/client-appsync": {
      "version": "3.1095.0",
      "resolved": "https://registry.npmjs.org/@aws-sdk/client-appsync/-/client-appsync-3.1095.0.tgz",
      "integrity": "sha512-otn920YqeNBrXjnJVPFfobupO8EUJ2LK/0X+wt05sVEweOBBDnIUouBXOW30T02kOhB6elbebS56bT9JKs+kiw==",
      "license": "Apache-2.0",
      "dependencies": {
        "@aws-sdk/core": "^3.977.0",
        "@aws-sdk/credential-provider-node": "^3.972.72",
        "@aws-sdk/types": "^3.974.2",
        "@smithy/core": "^3.29.8",
        "@smithy/fetch-http-handler": "^5.6.10",
        "@smithy/node-http-handler": "^4.9.10",
        "@smithy/types": "^4.16.1",
        "tslib": "^2.6.2"
      },
      "engines": {
        "node": ">=20.0.0"
      }
    },
    "node_modules/@aws-sdk/client-cloudtrail": {
      "version": "3.1095.0",
      "resolved": "https://registry.npmjs.org/@aws-sdk/client-cloudtrail/-/client-cloudtrail-3.1095.0.tgz",
      "integrity": "sha512-ijm4PrjosarWN0Eg9q0dUlBP9YU4dNzHgQtqhyTgNlI5allbnmWrA2G9NR4BeHewoqvR+s7ib9fO+Qsrw66YYA==",
      "license": "Apache-2.0",
      "dependencies": {
        "@aws-sdk/core": "^3.977.0",
        "@aws-sdk/credential-provider-node": "^3.972.72",
        "@aws-sdk/types": "^3.974.2",
        "@smithy/core": "^3.29.8",
        "@smithy/fetch-http-handler": "^5.6.10",
        "@smithy/node-http-handler": "^4.9.10",
        "@smithy/types": "^4.16.1",
        "tslib": "^2.6.2"
      },
      "engines": {
        "node": ">=20.0.0"
      }
    },
    "node_modules/@aws-sdk/client-cognito-identity-provider": {
      "version": "3.1094.0",
      "resolved": "https://registry.npmjs.org/@aws-sdk/client-cognito-identity-provider/-/client-cognito-identity-provider-3.1094.0.tgz",
      "integrity": "sha512-P8k2oSjqTn3VFOV9kLEe+vPee1LQ8DJ/i3iOl7FDouf72VrQ6EOxu5KjGqLgJ0XBNJTz+0bsSMQUVSWM4UqkMQ==",
      "license": "Apache-2.0",
      "dependencies": {
        "@aws-sdk/core": "^3.976.0",
        "@aws-sdk/credential-provider-node": "^3.972.71",
        "@aws-sdk/types": "^3.974.2",
        "@smithy/core": "^3.29.4",
        "@smithy/fetch-http-handler": "^5.6.6",
        "@smithy/node-http-handler": "^4.9.6",
        "@smithy/types": "^4.16.1",
        "tslib": "^2.6.2"
      },
      "engines": {
        "node": ">=20.0.0"
      }
    },
    "node_modules/@aws-sdk/client-config-service": {
      "version": "3.1095.0",
      "resolved": "https://registry.npmjs.org/@aws-sdk/client-config-service/-/client-config-service-3.1095.0.tgz",
      "integrity": "sha512-UgSHugFuqYtRWNvvA2B75rsbqjO7v5VN3BNqsJcIRyGCs6ituZlhJsh4UyKhC9Tr4OB7o8XVP6N/sGGsd0YwBA==",
      "license": "Apache-2.0",
      "dependencies": {
        "@aws-sdk/core": "^3.977.0",
        "@aws-sdk/credential-provider-node": "^3.972.72",
        "@aws-sdk/types": "^3.974.2",
        "@smithy/core": "^3.29.8",
        "@smithy/fetch-http-handler": "^5.6.10",
        "@smithy/node-http-handler": "^4.9.10",
        "@smithy/types": "^4.16.1",
        "tslib": "^2.6.2"
      },
      "engines": {
        "node": ">=20.0.0"
      }
    },
    "node_modules/@aws-sdk/client-dynamodb": {
      "version": "3.1093.0",
      "resolved": "https://registry.npmjs.org/@aws-sdk/client-dynamodb/-/client-dynamodb-3.1093.0.tgz",
      "integrity": "sha512-TaI/5B/3AiURsQkwRIyNh1IdfA7CUNJgfMLS3BA/7fd7COC2sL98dKq69CEoZNc/hnoxLyc5v60pgiliA1jf9g==",
      "license": "Apache-2.0",
      "dependencies": {
        "@aws-sdk/core": "^3.976.0",
        "@aws-sdk/credential-provider-node": "^3.972.71",
        "@aws-sdk/dynamodb-codec": "^3.973.34",
        "@aws-sdk/middleware-endpoint-discovery": "^3.972.25",
        "@aws-sdk/types": "^3.974.2",
        "@smithy/core": "^3.29.4",
        "@smithy/fetch-http-handler": "^5.6.6",
        "@smithy/node-http-handler": "^4.9.6",
        "@smithy/types": "^4.16.1",
        "tslib": "^2.6.2"
      },
      "engines": {
        "node": ">=20.0.0"
      }
    },
    "node_modules/@aws-sdk/client-eventbridge": {
      "version": "3.1093.0",
      "resolved": "https://registry.npmjs.org/@aws-sdk/client-eventbridge/-/client-eventbridge-3.1093.0.tgz",
      "integrity": "sha512-onWzciUtjJKqiP1cTqCkUh7JhuRwhgzYCFj8DnYBINz1Sv4Q2DtFQmCEHLLXi4kK5JmfKz+SkfkfC3i/PcTO5Q==",
      "license": "Apache-2.0",
      "dependencies": {
        "@aws-sdk/core": "^3.976.0",
        "@aws-sdk/credential-provider-node": "^3.972.71",
        "@aws-sdk/signature-v4-multi-region": "^3.996.41",
        "@aws-sdk/types": "^3.974.2",
        "@smithy/core": "^3.29.4",
        "@smithy/fetch-http-handler": "^5.6.6",
        "@smithy/node-http-handler": "^4.9.6",
        "@smithy/types": "^4.16.1",
        "tslib": "^2.6.2"
      },
      "engines": {
        "node": ">=20.0.0"
      }
    },
    "node_modules/@aws-sdk/client-firehose": {
      "version": "3.1095.0",
      "resolved": "https://registry.npmjs.org/@aws-sdk/client-firehose/-/client-firehose-3.1095.0.tgz",
      "integrity": "sha512-KkAFROEbmw40Gn7Im80QAmHIL5q1P9tZ+eGrZcCFEhgOiaIOYuIZwYYLCeLWv7ZYkFArDN2yYWSzGxskpHPqRA==",
      "license": "Apache-2.0",
      "dependencies": {
        "@aws-sdk/core": "^3.977.0",
        "@aws-sdk/credential-provider-node": "^3.972.72",
        "@aws-sdk/types": "^3.974.2",
        "@smithy/core": "^3.29.8",
        "@smithy/fetch-http-handler": "^5.6.10",
        "@smithy/node-http-handler": "^4.9.10",
        "@smithy/types": "^4.16.1",
        "tslib": "^2.6.2"
      },
      "engines": {
        "node": ">=20.0.0"
      }
    },
    "node_modules/@aws-sdk/client-glue": {
      "version": "3.1095.0",
      "resolved": "https://registry.npmjs.org/@aws-sdk/client-glue/-/client-glue-3.1095.0.tgz",
      "integrity": "sha512-/Fsox2sxk2OudIpjgFCW/pTkA2dXZjtdNUNLMb9+p4xQrf4r3OVJk9PvapoiRpgJ4FMSPvSh0RHh+6NBMWfNQw==",
      "license": "Apache-2.0",
      "dependencies": {
        "@aws-sdk/core": "^3.977.0",
        "@aws-sdk/credential-provider-node": "^3.972.72",
        "@aws-sdk/types": "^3.974.2",
        "@smithy/core": "^3.29.8",
        "@smithy/fetch-http-handler": "^5.6.10",
        "@smithy/node-http-handler": "^4.9.10",
        "@smithy/types": "^4.16.1",
        "tslib": "^2.6.2"
      },
      "engines": {
        "node": ">=20.0.0"
      }
    },
    "node_modules/@aws-sdk/client-iam": {
      "version": "3.1093.0",
      "resolved": "https://registry.npmjs.org/@aws-sdk/client-iam/-/client-iam-3.1093.0.tgz",
      "integrity": "sha512-mFNVC+d6CikyfwQcoWMkdBnjSKEj+YieCn/w8GmgH6VjHcrPFokdctqsiqFnqEPLmOybZ3Z/hVH9hJl4ssKkMQ==",
      "license": "Apache-2.0",
      "dependencies": {
        "@aws-sdk/core": "^3.976.0",
        "@aws-sdk/credential-provider-node": "^3.972.71",
        "@aws-sdk/types": "^3.974.2",
        "@smithy/core": "^3.29.4",
        "@smithy/fetch-http-handler": "^5.6.6",
        "@smithy/node-http-handler": "^4.9.6",
        "@smithy/types": "^4.16.1",
        "tslib": "^2.6.2"
      },
      "engines": {
        "node": ">=20.0.0"
      }
    },
    "node_modules/@aws-sdk/client-kms": {
      "version": "3.1093.0",
      "resolved": "https://registry.npmjs.org/@aws-sdk/client-kms/-/client-kms-3.1093.0.tgz",
      "integrity": "sha512-cy/ZvkqSXVITYCfwmSVILB1q5Dn8koOFB0rlinQSqPhZf0C8qquV660MvbHVHAcFv/aI1PUs+QrQ0AXhC+m5AA==",
      "license": "Apache-2.0",
      "dependencies": {
        "@aws-sdk/core": "^3.976.0",
        "@aws-sdk/credential-provider-node": "^3.972.71",
        "@aws-sdk/types": "^3.974.2",
        "@smithy/core": "^3.29.4",
        "@smithy/fetch-http-handler": "^5.6.6",
        "@smithy/node-http-handler": "^4.9.6",
        "@smithy/types": "^4.16.1",
        "tslib": "^2.6.2"
      },
      "engines": {
        "node": ">=20.0.0"
      }
    },
    "node_modules/@aws-sdk/client-lambda": {
      "version": "3.1093.0",
      "resolved": "https://registry.npmjs.org/@aws-sdk/client-lambda/-/client-lambda-3.1093.0.tgz",
      "integrity": "sha512-xdd9mdDIegEEoHFzRwPP9odt1s/OJ7QDEN6iUeCYUZkqiFMB02HeYZgWgV0a9TokQZFnG3vfkofx6kJdZsDtPQ==",
      "license": "Apache-2.0",
      "dependencies": {
        "@aws-sdk/core": "^3.976.0",
        "@aws-sdk/credential-provider-node": "^3.972.71",
        "@aws-sdk/types": "^3.974.2",
        "@smithy/core": "^3.29.4",
        "@smithy/fetch-http-handler": "^5.6.6",
        "@smithy/node-http-handler": "^4.9.6",
        "@smithy/types": "^4.16.1",
        "tslib": "^2.6.2"
      },
      "engines": {
        "node": ">=20.0.0"
      }
    },
    "node_modules/@aws-sdk/client-mq": {
      "version": "3.1095.0",
      "resolved": "https://registry.npmjs.org/@aws-sdk/client-mq/-/client-mq-3.1095.0.tgz",
      "integrity": "sha512-ljms1AUIyOYeeXZ1W/uB7EpNLCezo7KCEf/FpyDh9ccqVeejPwgTMMsAnmHC4lvo+F/vY/g//HUI6hBkRXAi0w==",
      "license": "Apache-2.0",
      "dependencies": {
        "@aws-sdk/core": "^3.977.0",
        "@aws-sdk/credential-provider-node": "^3.972.72",
        "@aws-sdk/types": "^3.974.2",
        "@smithy/core": "^3.29.8",
        "@smithy/fetch-http-handler": "^5.6.10",
        "@smithy/node-http-handler": "^4.9.10",
        "@smithy/types": "^4.16.1",
        "tslib": "^2.6.2"
      },
      "engines": {
        "node": ">=20.0.0"
      }
    },
    "node_modules/@aws-sdk/client-opensearch": {
      "version": "3.1095.0",
      "resolved": "https://registry.npmjs.org/@aws-sdk/client-opensearch/-/client-opensearch-3.1095.0.tgz",
      "integrity": "sha512-g1CC9/QxVhVvp5ytzYaVos0o0RY75x5UCEiC4Ur9tWmiT7JMAbijQwdLxi49tztwagQVrsYKjNglUS4DRVkHiQ==",
      "license": "Apache-2.0",
      "dependencies": {
        "@aws-sdk/core": "^3.977.0",
        "@aws-sdk/credential-provider-node": "^3.972.72",
        "@aws-sdk/types": "^3.974.2",
        "@smithy/core": "^3.29.8",
        "@smithy/fetch-http-handler": "^5.6.10",
        "@smithy/node-http-handler": "^4.9.10",
        "@smithy/types": "^4.16.1",
        "tslib": "^2.6.2"
      },
      "engines": {
        "node": ">=20.0.0"
      }
    },
    "node_modules/@aws-sdk/client-s3": {
      "version": "3.1093.0",
      "resolved": "https://registry.npmjs.org/@aws-sdk/client-s3/-/client-s3-3.1093.0.tgz",
      "integrity": "sha512-7452vEdp/nihIBWijnmcTBujXEFfbs4F02wyBDGqmNr6pwyo5GmQorx0zQIVg8QGFLXiBvsWKXBhCdiBcxNnGA==",
      "license": "Apache-2.0",
      "dependencies": {
        "@aws-sdk/checksums": "^3.1000.19",
        "@aws-sdk/core": "^3.976.0",
        "@aws-sdk/credential-provider-node": "^3.972.71",
        "@aws-sdk/middleware-sdk-s3": "^3.972.65",
        "@aws-sdk/signature-v4-multi-region": "^3.996.41",
        "@aws-sdk/types": "^3.974.2",
        "@smithy/core": "^3.29.4",
        "@smithy/fetch-http-handler": "^5.6.6",
        "@smithy/node-http-handler": "^4.9.6",
        "@smithy/types": "^4.16.1",
        "tslib": "^2.6.2"
      },
      "engines": {
        "node": ">=20.0.0"
      }
    },
    "node_modules/@aws-sdk/client-secrets-manager": {
      "version": "3.1093.0",
      "resolved": "https://registry.npmjs.org/@aws-sdk/client-secrets-manager/-/client-secrets-manager-3.1093.0.tgz",
      "integrity": "sha512-mGe6xFbGmnS+zogTnn8CptM9xh+rjutY9MkMVg6ykaM5CTrYGH2ObcW5Doagwbq+7TCSG6sAj4k5uMYXH47IxQ==",
      "license": "Apache-2.0",
      "dependencies": {
        "@aws-sdk/core": "^3.976.0",
        "@aws-sdk/credential-provider-node": "^3.972.71",
        "@aws-sdk/types": "^3.974.2",
        "@smithy/core": "^3.29.4",
        "@smithy/fetch-http-handler": "^5.6.6",
        "@smithy/node-http-handler": "^4.9.6",
        "@smithy/types": "^4.16.1",
        "tslib": "^2.6.2"
      },
      "engines": {
        "node": ">=20.0.0"
      }
    },
    "node_modules/@aws-sdk/client-sfn": {
      "version": "3.1095.0",
      "resolved": "https://registry.npmjs.org/@aws-sdk/client-sfn/-/client-sfn-3.1095.0.tgz",
      "integrity": "sha512-aohcDZ0aTN1Inp0dlusRUFnRT0c1/bXSINBVMeD5Lyy0n40SIwnHKiP0XpMXKeFZvtqSO/t8J4VWYN7PTtb/Kg==",
      "license": "Apache-2.0",
      "dependencies": {
        "@aws-sdk/core": "^3.977.0",
        "@aws-sdk/credential-provider-node": "^3.972.72",
        "@aws-sdk/types": "^3.974.2",
        "@smithy/core": "^3.29.8",
        "@smithy/fetch-http-handler": "^5.6.10",
        "@smithy/node-http-handler": "^4.9.10",
        "@smithy/types": "^4.16.1",
        "tslib": "^2.6.2"
      },
      "engines": {
        "node": ">=20.0.0"
      }
    },
    "node_modules/@aws-sdk/client-sns": {
      "version": "3.1093.0",
      "resolved": "https://registry.npmjs.org/@aws-sdk/client-sns/-/client-sns-3.1093.0.tgz",
      "integrity": "sha512-NdGBtr9+v8bg1H08OMEXeR3wE3VW8FgZle/ABeKfQzRFGuTj8zACXAkKrPBc2kqGwv8GsdqfrmHu3zkbWvs65w==",
      "license": "Apache-2.0",
      "dependencies": {
        "@aws-sdk/core": "^3.976.0",
        "@aws-sdk/credential-provider-node": "^3.972.71",
        "@aws-sdk/types": "^3.974.2",
        "@smithy/core": "^3.29.4",
        "@smithy/fetch-http-handler": "^5.6.6",
        "@smithy/node-http-handler": "^4.9.6",
        "@smithy/types": "^4.16.1",
        "tslib": "^2.6.2"
      },
      "engines": {
        "node": ">=20.0.0"
      }
    },
    "node_modules/@aws-sdk/client-sqs": {
      "version": "3.1093.0",
      "resolved": "https://registry.npmjs.org/@aws-sdk/client-sqs/-/client-sqs-3.1093.0.tgz",
      "integrity": "sha512-DCESg37RfxVdBBClEG1o/AaYwDlS3fR3eF8bvZOIOLbfEDnkpU0wxDKSArTRsDew4Dds2XZkx8QvWLtD4zmjpQ==",
      "license": "Apache-2.0",
      "dependencies": {
        "@aws-sdk/core": "^3.976.0",
        "@aws-sdk/credential-provider-node": "^3.972.71",
        "@aws-sdk/middleware-sdk-sqs": "^3.972.37",
        "@aws-sdk/types": "^3.974.2",
        "@smithy/core": "^3.29.4",
        "@smithy/fetch-http-handler": "^5.6.6",
        "@smithy/node-http-handler": "^4.9.6",
        "@smithy/types": "^4.16.1",
        "tslib": "^2.6.2"
      },
      "engines": {
        "node": ">=20.0.0"
      }
    },
    "node_modules/@aws-sdk/client-ssm": {
      "version": "3.1093.0",
      "resolved": "https://registry.npmjs.org/@aws-sdk/client-ssm/-/client-ssm-3.1093.0.tgz",
      "integrity": "sha512-plbNohSiJy41jwQgsGoXGT0FTs9tiopw/ida7Rit9FTx0lcWWNE8XKbvwXSITV8gVD4sNTgSsZgl9Ml3YO5pJA==",
      "license": "Apache-2.0",
      "dependencies": {
        "@aws-sdk/core": "^3.976.0",
        "@aws-sdk/credential-provider-node": "^3.972.71",
        "@aws-sdk/types": "^3.974.2",
        "@smithy/core": "^3.29.4",
        "@smithy/fetch-http-handler": "^5.6.6",
        "@smithy/node-http-handler": "^4.9.6",
        "@smithy/types": "^4.16.1",
        "tslib": "^2.6.2"
      },
      "engines": {
        "node": ">=20.0.0"
      }
    },
    "node_modules/@aws-sdk/client-sts": {
      "version": "3.1093.0",
      "resolved": "https://registry.npmjs.org/@aws-sdk/client-sts/-/client-sts-3.1093.0.tgz",
      "integrity": "sha512-4f0JWfdIP73UwwLYI+YuNd0AlmFCV6zwAmHVECHIHEJ6NtqBacNdgY5GJybntlkpNinvCBQcSR2Vs9rKcpDyjw==",
      "license": "Apache-2.0",
      "dependencies": {
        "@aws-sdk/core": "^3.976.0",
        "@aws-sdk/credential-provider-node": "^3.972.71",
        "@aws-sdk/signature-v4-multi-region": "^3.996.41",
        "@aws-sdk/types": "^3.974.2",
        "@smithy/core": "^3.29.4",
        "@smithy/fetch-http-handler": "^5.6.6",
        "@smithy/node-http-handler": "^4.9.6",
        "@smithy/types": "^4.16.1",
        "tslib": "^2.6.2"
      },
      "engines": {
        "node": ">=20.0.0"
      }
    },
    "node_modules/@aws-sdk/core": {
      "version": "3.977.1",
      "resolved": "https://registry.npmjs.org/@aws-sdk/core/-/core-3.977.1.tgz",
      "integrity": "sha512-KVtQRtc00ES/y+Sc3vYXeP6pCIcNlBJCZOwvqSy8ZpVGmbM5+IG+AfhuTKQ2oXmIVqZJewaGMMpzPkywC6xg0w==",
      "license": "Apache-2.0",
      "dependencies": {
        "@aws-sdk/types": "^3.974.2",
        "@aws-sdk/xml-builder": "^3.972.37",
        "@aws/lambda-invoke-store": "^0.3.0",
        "@smithy/core": "^3.29.8",
        "@smithy/signature-v4": "^5.6.9",
        "@smithy/types": "^4.16.1",
        "bowser": "^2.11.0",
        "tslib": "^2.6.2"
      },
      "engines": {
        "node": ">=20.0.0"
      }
    },
    "node_modules/@aws-sdk/credential-provider-env": {
      "version": "3.972.61",
      "resolved": "https://registry.npmjs.org/@aws-sdk/credential-provider-env/-/credential-provider-env-3.972.61.tgz",
      "integrity": "sha512-qihs2ekMb89Nxd2JenCgVFhjbkb3EIo7HEBCBzyZACKVJdrLUZBLOmAE3xr0Sayml8n/jZSzwO/IufIiIzO7PQ==",
      "license": "Apache-2.0",
      "dependencies": {
        "@aws-sdk/core": "^3.977.0",
        "@aws-sdk/types": "^3.974.2",
        "@smithy/core": "^3.29.8",
        "@smithy/types": "^4.16.1",
        "tslib": "^2.6.2"
      },
      "engines": {
        "node": ">=20.0.0"
      }
    },
    "node_modules/@aws-sdk/credential-provider-http": {
      "version": "3.972.63",
      "resolved": "https://registry.npmjs.org/@aws-sdk/credential-provider-http/-/credential-provider-http-3.972.63.tgz",
      "integrity": "sha512-yfozsS8wkWZEi/n6IsrodcFKBWZ0iNAezhJbTReMNc0z1Px17qdeAeuL1/wziCAmCZyXiW7QzP75ggJkBQv8jQ==",
      "license": "Apache-2.0",
      "dependencies": {
        "@aws-sdk/core": "^3.977.0",
        "@aws-sdk/types": "^3.974.2",
        "@smithy/core": "^3.29.8",
        "@smithy/fetch-http-handler": "^5.6.10",
        "@smithy/node-http-handler": "^4.9.10",
        "@smithy/types": "^4.16.1",
        "tslib": "^2.6.2"
      },
      "engines": {
        "node": ">=20.0.0"
      }
    },
    "node_modules/@aws-sdk/credential-provider-ini": {
      "version": "3.973.6",
      "resolved": "https://registry.npmjs.org/@aws-sdk/credential-provider-ini/-/credential-provider-ini-3.973.6.tgz",
      "integrity": "sha512-jGLTW1bj148GL/6/IMlfY2fMYS9FtHOG+NahkFD4y0qkzYudNUahelxryY68/HGMslYuHClk1XaS/3b3eJzEkg==",
      "license": "Apache-2.0",
      "dependencies": {
        "@aws-sdk/core": "^3.977.0",
        "@aws-sdk/credential-provider-env": "^3.972.61",
        "@aws-sdk/credential-provider-http": "^3.972.63",
        "@aws-sdk/credential-provider-login": "^3.972.68",
        "@aws-sdk/credential-provider-process": "^3.972.61",
        "@aws-sdk/credential-provider-sso": "^3.973.5",
        "@aws-sdk/credential-provider-web-identity": "^3.972.67",
        "@aws-sdk/nested-clients": "^3.997.35",
        "@aws-sdk/types": "^3.974.2",
        "@smithy/core": "^3.29.8",
        "@smithy/credential-provider-imds": "^4.4.13",
        "@smithy/types": "^4.16.1",
        "tslib": "^2.6.2"
      },
      "engines": {
        "node": ">=20.0.0"
      }
    },
    "node_modules/@aws-sdk/credential-provider-login": {
      "version": "3.972.68",
      "resolved": "https://registry.npmjs.org/@aws-sdk/credential-provider-login/-/credential-provider-login-3.972.68.tgz",
      "integrity": "sha512-w6tNci6g7RqFpLhj1f5xseBvaNojb4Pkgp5Jp5apl9hrJtaf2AA+rX9+qlhlWUK6kcyAFYPA7emO+55zj+S98Q==",
      "license": "Apache-2.0",
      "dependencies": {
        "@aws-sdk/core": "^3.977.0",
        "@aws-sdk/nested-clients": "^3.997.35",
        "@aws-sdk/types": "^3.974.2",
        "@smithy/core": "^3.29.8",
        "@smithy/types": "^4.16.1",
        "tslib": "^2.6.2"
      },
      "engines": {
        "node": ">=20.0.0"
      }
    },
    "node_modules/@aws-sdk/credential-provider-node": {
      "version": "3.972.72",
      "resolved": "https://registry.npmjs.org/@aws-sdk/credential-provider-node/-/credential-provider-node-3.972.72.tgz",
      "integrity": "sha512-blQ7F5QGzylnzeh5549zQLoCAiMHkXFLjFovEMaVy4b2X8JhUu+u9NXro1hyK95YHdVFNmBHKs2hIHtZchxKlQ==",
      "license": "Apache-2.0",
      "dependencies": {
        "@aws-sdk/credential-provider-env": "^3.972.61",
        "@aws-sdk/credential-provider-http": "^3.972.63",
        "@aws-sdk/credential-provider-ini": "^3.973.6",
        "@aws-sdk/credential-provider-process": "^3.972.61",
        "@aws-sdk/credential-provider-sso": "^3.973.5",
        "@aws-sdk/credential-provider-web-identity": "^3.972.67",
        "@aws-sdk/types": "^3.974.2",
        "@smithy/core": "^3.29.8",
        "@smithy/credential-provider-imds": "^4.4.13",
        "@smithy/types": "^4.16.1",
        "tslib": "^2.6.2"
      },
      "engines": {
        "node": ">=20.0.0"
      }
    },
    "node_modules/@aws-sdk/credential-provider-process": {
      "version": "3.972.61",
      "resolved": "https://registry.npmjs.org/@aws-sdk/credential-provider-process/-/credential-provider-process-3.972.61.tgz",
      "integrity": "sha512-xzRuj+fUVO4nkafKQJVKAF97kGpeQbfjuwmRrtGZNf42/1dkmcz6o7dswBy7alY0htQn5sCL1GWQYEykviWZkA==",
      "license": "Apache-2.0",
      "dependencies": {
        "@aws-sdk/core": "^3.977.0",
        "@aws-sdk/types": "^3.974.2",
        "@smithy/core": "^3.29.8",
        "@smithy/types": "^4.16.1",
        "tslib": "^2.6.2"
      },
      "engines": {
        "node": ">=20.0.0"
      }
    },
    "node_modules/@aws-sdk/credential-provider-sso": {
      "version": "3.973.5",
      "resolved": "https://registry.npmjs.org/@aws-sdk/credential-provider-sso/-/credential-provider-sso-3.973.5.tgz",
      "integrity": "sha512-fZRjjWhLFelsDoOYjqShQTrIGYC3Pf9Mx9Czf+1ikfQDgktxjze33dVo1q1/ZQ+T0qbtejVoHNHrfD5aJVpv/w==",
      "license": "Apache-2.0",
      "dependencies": {
        "@aws-sdk/core": "^3.977.0",
        "@aws-sdk/nested-clients": "^3.997.35",
        "@aws-sdk/token-providers": "3.1095.0",
        "@aws-sdk/types": "^3.974.2",
        "@smithy/core": "^3.29.8",
        "@smithy/types": "^4.16.1",
        "tslib": "^2.6.2"
      },
      "engines": {
        "node": ">=20.0.0"
      }
    },
    "node_modules/@aws-sdk/credential-provider-web-identity": {
      "version": "3.972.67",
      "resolved": "https://registry.npmjs.org/@aws-sdk/credential-provider-web-identity/-/credential-provider-web-identity-3.972.67.tgz",
      "integrity": "sha512-FTNZ05gkPBA6CKbU3N4zPgybV+stdazwMOya75CmGdcJL7p8Fw/BdHP8WVxJd0mvzyPK2cg/C3gli58Ir4HgCw==",
      "license": "Apache-2.0",
      "dependencies": {
        "@aws-sdk/core": "^3.977.0",
        "@aws-sdk/nested-clients": "^3.997.35",
        "@aws-sdk/types": "^3.974.2",
        "@smithy/core": "^3.29.8",
        "@smithy/types": "^4.16.1",
        "tslib": "^2.6.2"
      },
      "engines": {
        "node": ">=20.0.0"
      }
    },
    "node_modules/@aws-sdk/dynamodb-codec": {
      "version": "3.973.34",
      "resolved": "https://registry.npmjs.org/@aws-sdk/dynamodb-codec/-/dynamodb-codec-3.973.34.tgz",
      "integrity": "sha512-/7kfOufSN9t/g7OR6gNpCsSj/4nR7WdRnd54qSlnRuzQN7JmOz6ulJSwrUpqkDk/mkFgQqUIFBfnAZ0OTw2pxw==",
      "license": "Apache-2.0",
      "dependencies": {
        "@aws-sdk/core": "^3.976.0",
        "@smithy/core": "^3.29.4",
        "@smithy/types": "^4.16.1",
        "tslib": "^2.6.2"
      },
      "engines": {
        "node": ">=20.0.0"
      }
    },
    "node_modules/@aws-sdk/endpoint-cache": {
      "version": "3.972.9",
      "resolved": "https://registry.npmjs.org/@aws-sdk/endpoint-cache/-/endpoint-cache-3.972.9.tgz",
      "integrity": "sha512-LFvdgq8SriaskUcjpBMDE7J2c9RmuT5v3gU36/znV71EU5DKUis4FmGFjCMelKCCViFeVrQADBAlIiOYRhEx6Q==",
      "license": "Apache-2.0",
      "dependencies": {
        "mnemonist": "0.38.3",
        "tslib": "^2.6.2"
      },
      "engines": {
        "node": ">=20.0.0"
      }
    },
    "node_modules/@aws-sdk/middleware-endpoint-discovery": {
      "version": "3.972.25",
      "resolved": "https://registry.npmjs.org/@aws-sdk/middleware-endpoint-discovery/-/middleware-endpoint-discovery-3.972.25.tgz",
      "integrity": "sha512-5G2aVPmbWC5dFI76D0vsNg2L0fgWP4uybcetf+06dzeZuRtpihnow88fOl5zm3+ABdIw27FKgyFzV4yB5Bm29Q==",
      "license": "Apache-2.0",
      "dependencies": {
        "@aws-sdk/endpoint-cache": "^3.972.9",
        "@aws-sdk/types": "^3.974.2",
        "@smithy/core": "^3.29.4",
        "@smithy/types": "^4.16.1",
        "tslib": "^2.6.2"
      },
      "engines": {
        "node": ">=20.0.0"
      }
    },
    "node_modules/@aws-sdk/middleware-sdk-s3": {
      "version": "3.972.65",
      "resolved": "https://registry.npmjs.org/@aws-sdk/middleware-sdk-s3/-/middleware-sdk-s3-3.972.65.tgz",
      "integrity": "sha512-udwNhRfDTfCB98mAHjjgsnKQlxygB4e0X+Obne/XjJpvVsF0YCQC8ZErd/8Z6IPoLQjtiKHzwqEDbZiLrJEnOg==",
      "license": "Apache-2.0",
      "dependencies": {
        "@aws-sdk/core": "^3.976.0",
        "@aws-sdk/signature-v4-multi-region": "^3.996.41",
        "@aws-sdk/types": "^3.974.2",
        "@smithy/core": "^3.29.4",
        "@smithy/types": "^4.16.1",
        "tslib": "^2.6.2"
      },
      "engines": {
        "node": ">=20.0.0"
      }
    },
    "node_modules/@aws-sdk/middleware-sdk-sqs": {
      "version": "3.972.37",
      "resolved": "https://registry.npmjs.org/@aws-sdk/middleware-sdk-sqs/-/middleware-sdk-sqs-3.972.37.tgz",
      "integrity": "sha512-ObKPWZWpog+4zZQ2q+LdBwf/nm+HF2afgBxCtyHeqjRlsnATuKOV3dPYnzCGyjRZ/RHTEre4LRrYRcIxlWhzVQ==",
      "license": "Apache-2.0",
      "dependencies": {
        "@aws-sdk/types": "^3.974.2",
        "@smithy/core": "^3.29.4",
        "@smithy/types": "^4.16.1",
        "tslib": "^2.6.2"
      },
      "engines": {
        "node": ">=20.0.0"
      }
    },
    "node_modules/@aws-sdk/nested-clients": {
      "version": "3.997.35",
      "resolved": "https://registry.npmjs.org/@aws-sdk/nested-clients/-/nested-clients-3.997.35.tgz",
      "integrity": "sha512-2MJfseVG/aXvIyOIBlYA/Oaf6qFDdsu4D8RKsEUdOQpVuLaor0BdxIBBtJLBNQQEe6Ku3YMvLljwb1MwVUpzRw==",
      "license": "Apache-2.0",
      "dependencies": {
        "@aws-sdk/core": "^3.977.0",
        "@aws-sdk/signature-v4-multi-region": "^3.996.42",
        "@aws-sdk/types": "^3.974.2",
        "@smithy/core": "^3.29.8",
        "@smithy/fetch-http-handler": "^5.6.10",
        "@smithy/node-http-handler": "^4.9.10",
        "@smithy/types": "^4.16.1",
        "tslib": "^2.6.2"
      },
      "engines": {
        "node": ">=20.0.0"
      }
    },
    "node_modules/@aws-sdk/signature-v4-multi-region": {
      "version": "3.996.42",
      "resolved": "https://registry.npmjs.org/@aws-sdk/signature-v4-multi-region/-/signature-v4-multi-region-3.996.42.tgz",
      "integrity": "sha512-DBV4naZP6HYBlAvPpoQzOP12Wvfou/5rN8yJPXjBTBylU5qwCbh/tXr2MddHoIjgoRkEl/eS+IljiUqvmwey1Q==",
      "license": "Apache-2.0",
      "dependencies": {
        "@aws-sdk/types": "^3.974.2",
        "@smithy/signature-v4": "^5.6.9",
        "@smithy/types": "^4.16.1",
        "tslib": "^2.6.2"
      },
      "engines": {
        "node": ">=20.0.0"
      }
    },
    "node_modules/@aws-sdk/token-providers": {
      "version": "3.1095.0",
      "resolved": "https://registry.npmjs.org/@aws-sdk/token-providers/-/token-providers-3.1095.0.tgz",
      "integrity": "sha512-65SudS6y4nzaYHybtqcpm3sHe5jLhdMn68HRKS1nUx690BtQeaAQOoujQ+dpOjBATIVGVgKKjEP8tR+U06QJQA==",
      "license": "Apache-2.0",
      "dependencies": {
        "@aws-sdk/core": "^3.977.0",
        "@aws-sdk/nested-clients": "^3.997.35",
        "@aws-sdk/types": "^3.974.2",
        "@smithy/core": "^3.29.8",
        "@smithy/types": "^4.16.1",
        "tslib": "^2.6.2"
      },
      "engines": {
        "node": ">=20.0.0"
      }
    },
    "node_modules/@aws-sdk/types": {
      "version": "3.974.2",
      "resolved": "https://registry.npmjs.org/@aws-sdk/types/-/types-3.974.2.tgz",
      "integrity": "sha512-3W6IUtSxFbH6X7Wb7DzGCV5QiFQsd0g8bOfntpmDxQlzBoKWUMBu/JPQR0DwkE+Hpnxd6db1tXbOwdeHddG6cA==",
      "license": "Apache-2.0",
      "dependencies": {
        "@smithy/types": "^4.16.1",
        "tslib": "^2.6.2"
      },
      "engines": {
        "node": ">=20.0.0"
      }
    },
    "node_modules/@aws-sdk/xml-builder": {
      "version": "3.972.37",
      "resolved": "https://registry.npmjs.org/@aws-sdk/xml-builder/-/xml-builder-3.972.37.tgz",
      "integrity": "sha512-zKq4HQum8JwDyEuyfuI4bbiAcU0KxP6qy+9PR/IsR92IyE/DaBAikzAS50tjxip4bqIIANpCcG+Yyj6CVhXupg==",
      "license": "Apache-2.0",
      "dependencies": {
        "@smithy/types": "^4.16.1",
        "tslib": "^2.6.2"
      },
      "engines": {
        "node": ">=20.0.0"
      }
    },
    "node_modules/@aws/lambda-invoke-store": {
      "version": "0.3.0",
      "resolved": "https://registry.npmjs.org/@aws/lambda-invoke-store/-/lambda-invoke-store-0.3.0.tgz",
      "integrity": "sha512-sl4Bm6yiMNYrZKkqqDFWN0UfnWhlS8ivKxrYl+6t0gCLrqr8y3B2IqZZbFRkfaVVp7C/baApyh71P+LeE1A2sQ==",
      "license": "Apache-2.0",
      "engines": {
        "node": ">=18.0.0"
      }
    },
    "node_modules/@smithy/core": {
      "version": "3.30.0",
      "resolved": "https://registry.npmjs.org/@smithy/core/-/core-3.30.0.tgz",
      "integrity": "sha512-dl2yRglDxfzH9uJ4fSo4zTaAHa0zH7+V7BZMRWy8hEYIKT1BiqMUK/CN6T3ADQ3kbA5N1tmUulroJ2UtONS7Kw==",
      "license": "Apache-2.0",
      "dependencies": {
        "@smithy/types": "^4.16.1",
        "tslib": "^2.6.2"
      },
      "engines": {
        "node": ">=18.0.0"
      }
    },
    "node_modules/@smithy/credential-provider-imds": {
      "version": "4.4.14",
      "resolved": "https://registry.npmjs.org/@smithy/credential-provider-imds/-/credential-provider-imds-4.4.14.tgz",
      "integrity": "sha512-QgbuahIb2qxQeZQvNK0sw3aF3JH5zwH8j2lLp5DUasVXexGGMWULAR+7z0omPXFolCP/m5wN9M5lm9EGdSviTQ==",
      "license": "Apache-2.0",
      "dependencies": {
        "@smithy/core": "^3.30.0",
        "@smithy/types": "^4.16.1",
        "tslib": "^2.6.2"
      },
      "engines": {
        "node": ">=18.0.0"
      }
    },
    "node_modules/@smithy/fetch-http-handler": {
      "version": "5.6.11",
      "resolved": "https://registry.npmjs.org/@smithy/fetch-http-handler/-/fetch-http-handler-5.6.11.tgz",
      "integrity": "sha512-o0Zkj1nKqJAoq+a+BrkhU39tRftMNjLwpc/z06Frfl43wpbHrJMaSAVZE4vTqlxtVkNaGaT0bIDxOp7tkFTuQQ==",
      "license": "Apache-2.0",
      "dependencies": {
        "@smithy/core": "^3.30.0",
        "@smithy/types": "^4.16.1",
        "tslib": "^2.6.2"
      },
      "engines": {
        "node": ">=18.0.0"
      }
    },
    "node_modules/@smithy/is-array-buffer": {
      "version": "2.2.0",
      "resolved": "https://registry.npmjs.org/@smithy/is-array-buffer/-/is-array-buffer-2.2.0.tgz",
      "integrity": "sha512-GGP3O9QFD24uGeAXYUjwSTXARoqpZykHadOmA8G5vfJPK0/DC67qa//0qvqrJzL1xc8WQWX7/yc7fwudjPHPhA==",
      "license": "Apache-2.0",
      "dependencies": {
        "tslib": "^2.6.2"
      },
      "engines": {
        "node": ">=14.0.0"
      }
    },
    "node_modules/@smithy/node-http-handler": {
      "version": "4.9.11",
      "resolved": "https://registry.npmjs.org/@smithy/node-http-handler/-/node-http-handler-4.9.11.tgz",
      "integrity": "sha512-slbzbz8taEOzoXv/9y34YNBoE+ZHmddLykCgjDAjvMAsu2nM5s2Gzwa5OGF721tD8s+CKeFUBds5lSj9lcbuDg==",
      "license": "Apache-2.0",
      "dependencies": {
        "@smithy/core": "^3.30.0",
        "@smithy/types": "^4.16.1",
        "tslib": "^2.6.2"
      },
      "engines": {
        "node": ">=18.0.0"
      }
    },
    "node_modules/@smithy/protocol-http": {
      "version": "5.5.14",
      "resolved": "https://registry.npmjs.org/@smithy/protocol-http/-/protocol-http-5.5.14.tgz",
      "integrity": "sha512-R+aYfS8kDXMwO+LfpiWTJjjUsR+se4cd2ZBjMU3fqJmoSZ1jenTpgb4/k1SvvXcM9f0232KvufZoO5XRWoiPBw==",
      "license": "Apache-2.0",
      "dependencies": {
        "@smithy/core": "^3.30.0",
        "tslib": "^2.6.2"
      },
      "engines": {
        "node": ">=18.0.0"
      }
    },
    "node_modules/@smithy/signature-v4": {
      "version": "5.6.10",
      "resolved": "https://registry.npmjs.org/@smithy/signature-v4/-/signature-v4-5.6.10.tgz",
      "integrity": "sha512-EXhWePm3SXJAX38npIy4TXL2Aex/OVgCClTjelN2QHw/U+8CQUH8C7AaxsVzQcYieYPseywn48s89DmvuGjiAg==",
      "license": "Apache-2.0",
      "dependencies": {
        "@smithy/core": "^3.30.0",
        "@smithy/types": "^4.16.1",
        "tslib": "^2.6.2"
      },
      "engines": {
        "node": ">=18.0.0"
      }
    },
    "node_modules/@smithy/types": {
      "version": "4.16.1",
      "resolved": "https://registry.npmjs.org/@smithy/types/-/types-4.16.1.tgz",
      "integrity": "sha512-0JFs3V2y2M9tKW5na/qxe69Zv+uxLMO7QBbhxF/FHu/Gp2NFZAAL9tWl9PU02xxo07pb3G9FTyjNc6D5uZrJIg==",
      "license": "Apache-2.0",
      "dependencies": {
        "tslib": "^2.6.2"
      },
      "engines": {
        "node": ">=18.0.0"
      }
    },
    "node_modules/@smithy/util-buffer-from": {
      "version": "2.2.0",
      "resolved": "https://registry.npmjs.org/@smithy/util-buffer-from/-/util-buffer-from-2.2.0.tgz",
      "integrity": "sha512-IJdWBbTcMQ6DA0gdNhh/BwrLkDR+ADW5Kr1aZmd4k3DIF6ezMV4R2NIAmT08wQJ3yUK82thHWmC/TnK/wpMMIA==",
      "license": "Apache-2.0",
      "dependencies": {
        "@smithy/is-array-buffer": "^2.2.0",
        "tslib": "^2.6.2"
      },
      "engines": {
        "node": ">=14.0.0"
      }
    },
    "node_modules/@smithy/util-utf8": {
      "version": "2.3.0",
      "resolved": "https://registry.npmjs.org/@smithy/util-utf8/-/util-utf8-2.3.0.tgz",
      "integrity": "sha512-R8Rdn8Hy72KKcebgLiv8jQcQkXoLMOGGv5uI1/k0l+snqkOzQ1R0ChUBCxWMlBsFMekWjq0wRudIweFs7sKT5A==",
      "license": "Apache-2.0",
      "dependencies": {
        "@smithy/util-buffer-from": "^2.2.0",
        "tslib": "^2.6.2"
      },
      "engines": {
        "node": ">=14.0.0"
      }
    },
    "node_modules/bowser": {
      "version": "2.14.1",
      "resolved": "https://registry.npmjs.org/bowser/-/bowser-2.14.1.tgz",
      "integrity": "sha512-tzPjzCxygAKWFOJP011oxFHs57HzIhOEracIgAePE4pqB3LikALKnSzUyU4MGs9/iCEUuHlAJTjTc5M+u7YEGg==",
      "license": "MIT"
    },
    "node_modules/mnemonist": {
      "version": "0.38.3",
      "resolved": "https://registry.npmjs.org/mnemonist/-/mnemonist-0.38.3.tgz",
      "integrity": "sha512-2K9QYubXx/NAjv4VLq1d1Ly8pWNC5L3BrixtdkyTegXWJIqY+zLNDhhX/A+ZwWt70tB1S8H4BE8FLYEFyNoOBw==",
      "license": "MIT",
      "dependencies": {
        "obliterator": "^1.6.1"
      }
    },
    "node_modules/obliterator": {
      "version": "1.6.1",
      "resolved": "https://registry.npmjs.org/obliterator/-/obliterator-1.6.1.tgz",
      "integrity": "sha512-9WXswnqINnnhOG/5SLimUlzuU1hFJUc8zkwyD59Sd+dPOMf05PmnYG/d6Q7HZ+KmgkZJa1PxRso6QdM3sTNHig==",
      "license": "MIT"
    },
    "node_modules/tslib": {
      "version": "2.8.1",
      "resolved": "https://registry.npmjs.org/tslib/-/tslib-2.8.1.tgz",
      "integrity": "sha512-oJFu94HQb+KVduSUQL7wnpmqnfmLsOA/nAh6b6EH0wCEoK0/mPeXU6c3wKDV83MkOuHPRHtSXKKU99IBazS/2w==",
      "license": "0BSD"
    }
  }
}
